// !$*UTF8*$!
{
	archiveVersion = 1;
	classes = {
	};
	objectVersion = 70;
	objects = {

/* Begin PBXBuildFile section */
		424C31BD2B30955E00279238 /* DetailViewController.swift in Sources */ = {isa = PBXBuildFile; fileRef = 424C31BC2B30955E00279238 /* DetailViewController.swift */; };
		424C31C02B30A39B00279238 /* MapViewController.swift in Sources */ = {isa = PBXBuildFile; fileRef = 424C31BF2B30A39B00279238 /* MapViewController.swift */; };
		424C31C42B30A72300279238 /* Coordinates.swift in Sources */ = {isa = PBXBuildFile; fileRef = 424C31C32B30A72300279238 /* Coordinates.swift */; };
		424C31C62B30A76900279238 /* Source.json in Resources */ = {isa = PBXBuildFile; fileRef = 424C31C52B30A76900279238 /* Source.json */; };
		424C31C82B30A78B00279238 /* DataService.swift in Sources */ = {isa = PBXBuildFile; fileRef = 424C31C72B30A78B00279238 /* DataService.swift */; };
		42B90C132B2A055B00779364 /* AppDelegate.swift in Sources */ = {isa = PBXBuildFile; fileRef = 42B90C122B2A055B00779364 /* AppDelegate.swift */; };
		42B90C1A2B2A055B00779364 /* Main.storyboard in Resources */ = {isa = PBXBuildFile; fileRef = 42B90C182B2A055B00779364 /* Main.storyboard */; };
		42B90C1C2B2A056000779364 /* Assets.xcassets in Resources */ = {isa = PBXBuildFile; fileRef = 42B90C1B2B2A056000779364 /* Assets.xcassets */; };
		42B90C1F2B2A056000779364 /* LaunchScreen.storyboard in Resources */ = {isa = PBXBuildFile; fileRef = 42B90C1D2B2A056000779364 /* LaunchScreen.storyboard */; };
		6804354E2EB8BE52004CF49D /* Source.json in Resources */ = {isa = PBXBuildFile; fileRef = 424C31C52B30A76900279238 /* Source.json */; };
		688A867F2EBE2E0000090DBC /* ListView.swift in Sources */ = {isa = PBXBuildFile; fileRef = 688A867E2EBE2E0000090DBC /* ListView.swift */; };
		688A86812EBE2E1500090DBC /* CountryRow.swift in Sources */ = {isa = PBXBuildFile; fileRef = 688A86802EBE2E1500090DBC /* CountryRow.swift */; };
		68C29E5E2ED9BADB00614855 /* Country.swift in Sources */ = {isa = PBXBuildFile; fileRef = 68C29E5D2ED9BADB00614855 /* Country.swift */; };
		68C29E602ED9BAF900614855 /* Region.swift in Sources */ = {isa = PBXBuildFile; fileRef = 68C29E5F2ED9BAF900614855 /* Region.swift */; };
		68C3CD322EBDD67E00EDD5E4 /* TitleView.swift in Sources */ = {isa = PBXBuildFile; fileRef = 68C3CD312EBDD67E00EDD5E4 /* TitleView.swift */; };
		68C3CD3B2EBDD86900EDD5E4 /* PreviewDataProvider.swift in Sources */ = {isa = PBXBuildFile; fileRef = 68C3CD3A2EBDD86900EDD5E4 /* PreviewDataProvider.swift */; };
		68EB08B92EC5EE4500F626ED /* DetailViewRepresentable.swift in Sources */ = {isa = PBXBuildFile; fileRef = 68EB08B82EC5EE4500F626ED /* DetailViewRepresentable.swift */; };
/* End PBXBuildFile section */

/* Begin PBXContainerItemProxy section */
		680435362EB8BB0B004CF49D /* PBXContainerItemProxy */ = {
			isa = PBXContainerItemProxy;
			containerPortal = 42B90C072B2A055A00779364 /* Project object */;
			proxyType = 1;
			remoteGlobalIDString = 42B90C0E2B2A055B00779364;
			remoteInfo = TravelVista;
		};
		680435492EB8BC1B004CF49D /* PBXContainerItemProxy */ = {
			isa = PBXContainerItemProxy;
			containerPortal = 42B90C072B2A055A00779364 /* Project object */;
			proxyType = 1;
			remoteGlobalIDString = 42B90C0E2B2A055B00779364;
			remoteInfo = TravelVista;
		};
/* End PBXContainerItemProxy section */

/* Begin PBXFileReference section */
		424C31BC2B30955E00279238 /* DetailViewController.swift */ = {isa = PBXFileReference; fileEncoding = 4; lastKnownFileType = sourcecode.swift; path = DetailViewController.swift; sourceTree = "<group>"; };
		424C31BF2B30A39B00279238 /* MapViewController.swift */ = {isa = PBXFileReference; lastKnownFileType = sourcecode.swift; path = MapViewController.swift; sourceTree = "<group>"; };
		424C31C32B30A72300279238 /* Coordinates.swift */ = {isa = PBXFileReference; lastKnownFileType = sourcecode.swift; path = Coordinates.swift; sourceTree = "<group>"; };
		424C31C52B30A76900279238 /* Source.json */ = {isa = PBXFileReference; lastKnownFileType = text.json; path = Source.json; sourceTree = "<group>"; };
		424C31C72B30A78B00279238 /* DataService.swift */ = {isa = PBXFileReference; lastKnownFileType = sourcecode.swift; path = DataService.swift; sourceTree = "<group>"; };
		42B90C0F2B2A055B00779364 /* TravelVista.app */ = {isa = PBXFileReference; explicitFileType = wrapper.application; includeInIndex = 0; path = TravelVista.app; sourceTree = BUILT_PRODUCTS_DIR; };
		42B90C122B2A055B00779364 /* AppDelegate.swift */ = {isa = PBXFileReference; lastKnownFileType = sourcecode.swift; path = AppDelegate.swift; sourceTree = "<group>"; };
		42B90C192B2A055B00779364 /* Base */ = {isa = PBXFileReference; lastKnownFileType = file.storyboard; name = Base; path = Base.lproj/Main.storyboard; sourceTree = "<group>"; };
		42B90C1B2B2A056000779364 /* Assets.xcassets */ = {isa = PBXFileReference; lastKnownFileType = folder.assetcatalog; path = Assets.xcassets; sourceTree = "<group>"; };
		42B90C1E2B2A056000779364 /* Base */ = {isa = PBXFileReference; lastKnownFileType = file.storyboard; name = Base; path = Base.lproj/LaunchScreen.storyboard; sourceTree = "<group>"; };
		42B90C202B2A056000779364 /* Info.plist */ = {isa = PBXFileReference; lastKnownFileType = text.plist.xml; path = Info.plist; sourceTree = "<group>"; };
		680435322EB8BB0B004CF49D /* TravelVistaTests.xctest */ = {isa = PBXFileReference; explicitFileType = wrapper.cfbundle; includeInIndex = 0; path = TravelVistaTests.xctest; sourceTree = BUILT_PRODUCTS_DIR; };
		680435432EB8BC1B004CF49D /* TravelVistaUITests.xctest */ = {isa = PBXFileReference; explicitFileType = wrapper.cfbundle; includeInIndex = 0; path = TravelVistaUITests.xctest; sourceTree = BUILT_PRODUCTS_DIR; };
		6805D3202EB5089700CC3050 /* TravelVista.xctestplan */ = {isa = PBXFileReference; lastKnownFileType = text; path = TravelVista.xctestplan; sourceTree = "<group>"; };
		688A867E2EBE2E0000090DBC /* ListView.swift */ = {isa = PBXFileReference; lastKnownFileType = sourcecode.swift; path = ListView.swift; sourceTree = "<group>"; };
		688A86802EBE2E1500090DBC /* CountryRow.swift */ = {isa = PBXFileReference; lastKnownFileType = sourcecode.swift; path = CountryRow.swift; sourceTree = "<group>"; };
		68C29E5D2ED9BADB00614855 /* Country.swift */ = {isa = PBXFileReference; lastKnownFileType = sourcecode.swift; path = Country.swift; sourceTree = "<group>"; };
		68C29E5F2ED9BAF900614855 /* Region.swift */ = {isa = PBXFileReference; lastKnownFileType = sourcecode.swift; path = Region.swift; sourceTree = "<group>"; };
		68C3CD312EBDD67E00EDD5E4 /* TitleView.swift */ = {isa = PBXFileReference; lastKnownFileType = sourcecode.swift; path = TitleView.swift; sourceTree = "<group>"; };
		68C3CD3A2EBDD86900EDD5E4 /* PreviewDataProvider.swift */ = {isa = PBXFileReference; lastKnownFileType = sourcecode.swift; path = PreviewDataProvider.swift; sourceTree = "<group>"; };
		68EB08B82EC5EE4500F626ED /* DetailViewRepresentable.swift */ = {isa = PBXFileReference; lastKnownFileType = sourcecode.swift; path = DetailViewRepresentable.swift; sourceTree = "<group>"; };
/* End PBXFileReference section */

/* Begin PBXFileSystemSynchronizedRootGroup section */
		680435332EB8BB0B004CF49D /* TravelVistaTests */ = {isa = PBXFileSystemSynchronizedRootGroup; explicitFileTypes = {}; explicitFolders = (); path = TravelVistaTests; sourceTree = "<group>"; };
/* End PBXFileSystemSynchronizedRootGroup section */

/* Begin PBXFrameworksBuildPhase section */
		42B90C0C2B2A055B00779364 /* Frameworks */ = {
			isa = PBXFrameworksBuildPhase;
			buildActionMask = 2147483647;
			files = (
			);
			runOnlyForDeploymentPostprocessing = 0;
		};
		6804352F2EB8BB0B004CF49D /* Frameworks */ = {
			isa = PBXFrameworksBuildPhase;
			buildActionMask = 2147483647;
			files = (
			);
			runOnlyForDeploymentPostprocessing = 0;
		};
		680435402EB8BC1B004CF49D /* Frameworks */ = {
			isa = PBXFrameworksBuildPhase;
			buildActionMask = 2147483647;
			files = (
			);
			runOnlyForDeploymentPostprocessing = 0;
		};
/* End PBXFrameworksBuildPhase section */

/* Begin PBXGroup section */
		424C31BE2B30956400279238 /* Views */ = {
			isa = PBXGroup;
			children = (
				68C29E642ED9BBAD00614855 /* SwiftUI */,
				68C29E632ED9BB9900614855 /* UIKit */,
				68C29E652ED9BBCA00614855 /* Bridges */,
			);
			path = Views;
			sourceTree = "<group>";
		};
		424C31C92B30ABE600279238 /* Models */ = {
			isa = PBXGroup;
			children = (
				424C31C32B30A72300279238 /* Coordinates.swift */,
				68C29E5D2ED9BADB00614855 /* Country.swift */,
				68C29E5F2ED9BAF900614855 /* Region.swift */,
			);
			path = Models;
			sourceTree = "<group>";
		};
		42B90C062B2A055A00779364 = {
			isa = PBXGroup;
			children = (
				6805D3202EB5089700CC3050 /* TravelVista.xctestplan */,
				42B90C112B2A055B00779364 /* TravelVista */,
				680435332EB8BB0B004CF49D /* TravelVistaTests */,
				42B90C102B2A055B00779364 /* Products */,
			);
			sourceTree = "<group>";
		};
		42B90C102B2A055B00779364 /* Products */ = {
			isa = PBXGroup;
			children = (
				42B90C0F2B2A055B00779364 /* TravelVista.app */,
				680435322EB8BB0B004CF49D /* TravelVistaTests.xctest */,
				680435432EB8BC1B004CF49D /* TravelVistaUITests.xctest */,
			);
			name = Products;
			sourceTree = "<group>";
		};
		42B90C112B2A055B00779364 /* TravelVista */ = {
			isa = PBXGroup;
			children = (
				68C29E5C2ED9BAB400614855 /* App */,
				424C31C92B30ABE600279238 /* Models */,
				68C29E612ED9BB2300614855 /* Services */,
				68C29E622ED9BB7D00614855 /* Data */,
				424C31BE2B30956400279238 /* Views */,
				68C29E672ED9BC4D00614855 /* Resources */,
				68C3CD392EBDD82F00EDD5E4 /* Preview Content */,
				42B90C202B2A056000779364 /* Info.plist */,
			);
			path = TravelVista;
			sourceTree = "<group>";
		};
		68C29E5C2ED9BAB400614855 /* App */ = {
			isa = PBXGroup;
			children = (
				42B90C122B2A055B00779364 /* AppDelegate.swift */,
			);
			path = App;
			sourceTree = "<group>";
		};
		68C29E612ED9BB2300614855 /* Services */ = {
			isa = PBXGroup;
			children = (
				424C31C72B30A78B00279238 /* DataService.swift */,
			);
			path = Services;
			sourceTree = "<group>";
		};
		68C29E622ED9BB7D00614855 /* Data */ = {
			isa = PBXGroup;
			children = (
				424C31C52B30A76900279238 /* Source.json */,
			);
			path = Data;
			sourceTree = "<group>";
		};
		68C29E632ED9BB9900614855 /* UIKit */ = {
			isa = PBXGroup;
			children = (
				424C31BC2B30955E00279238 /* DetailViewController.swift */,
				424C31BF2B30A39B00279238 /* MapViewController.swift */,
			);
			path = UIKit;
			sourceTree = "<group>";
		};
		68C29E642ED9BBAD00614855 /* SwiftUI */ = {
			isa = PBXGroup;
			children = (
				68C3CD312EBDD67E00EDD5E4 /* TitleView.swift */,
				688A867E2EBE2E0000090DBC /* ListView.swift */,
				688A86802EBE2E1500090DBC /* CountryRow.swift */,
			);
			path = SwiftUI;
			sourceTree = "<group>";
		};
		68C29E652ED9BBCA00614855 /* Bridges */ = {
			isa = PBXGroup;
			children = (
				68EB08B82EC5EE4500F626ED /* DetailViewRepresentable.swift */,
			);
			path = Bridges;
			sourceTree = "<group>";
		};
		68C29E672ED9BC4D00614855 /* Resources */ = {
			isa = PBXGroup;
			children = (
				42B90C182B2A055B00779364 /* Main.storyboard */,
				42B90C1B2B2A056000779364 /* Assets.xcassets */,
				42B90C1D2B2A056000779364 /* LaunchScreen.storyboard */,
			);
			path = Resources;
			sourceTree = "<group>";
		};
		68C3CD392EBDD82F00EDD5E4 /* Preview Content */ = {
			isa = PBXGroup;
			children = (
				68C3CD3A2EBDD86900EDD5E4 /* PreviewDataProvider.swift */,
			);
			path = "Preview Content";
			sourceTree = "<group>";
		};
/* End PBXGroup section */

/* Begin PBXNativeTarget section */
		42B90C0E2B2A055B00779364 /* TravelVista */ = {
			isa = PBXNativeTarget;
			buildConfigurationList = 42B90C232B2A056000779364 /* Build configuration list for PBXNativeTarget "TravelVista" */;
			buildPhases = (
				42B90C0B2B2A055B00779364 /* Sources */,
				42B90C0C2B2A055B00779364 /* Frameworks */,
				42B90C0D2B2A055B00779364 /* Resources */,
			);
			buildRules = (
			);
			dependencies = (
			);
			name = TravelVista;
			productName = TravelVista;
			productReference = 42B90C0F2B2A055B00779364 /* TravelVista.app */;
			productType = "com.apple.product-type.application";
		};
		680435312EB8BB0B004CF49D /* TravelVistaTests */ = {
			isa = PBXNativeTarget;
			buildConfigurationList = 680435382EB8BB0B004CF49D /* Build configuration list for PBXNativeTarget "TravelVistaTests" */;
			buildPhases = (
				6804352E2EB8BB0B004CF49D /* Sources */,
				6804352F2EB8BB0B004CF49D /* Frameworks */,
				680435302EB8BB0B004CF49D /* Resources */,
			);
			buildRules = (
			);
			dependencies = (
				680435372EB8BB0B004CF49D /* PBXTargetDependency */,
			);
			fileSystemSynchronizedGroups = (
				680435332EB8BB0B004CF49D /* TravelVistaTests */,
			);
			name = TravelVistaTests;
			packageProductDependencies = (
			);
			productName = TravelVistaTests;
			productReference = 680435322EB8BB0B004CF49D /* TravelVistaTests.xctest */;
			productType = "com.apple.product-type.bundle.unit-test";
		};
		680435422EB8BC1B004CF49D /* TravelVistaUITests */ = {
			isa = PBXNativeTarget;
			buildConfigurationList = 6804354B2EB8BC1B004CF49D /* Build configuration list for PBXNativeTarget "TravelVistaUITests" */;
			buildPhases = (
				6804353F2EB8BC1B004CF49D /* Sources */,
				680435402EB8BC1B004CF49D /* Frameworks */,
				680435412EB8BC1B004CF49D /* Resources */,
			);
			buildRules = (
			);
			dependencies = (
				6804354A2EB8BC1B004CF49D /* PBXTargetDependency */,
			);
			name = TravelVistaUITests;
			packageProductDependencies = (
			);
			productName = TravelVistaUITests;
			productReference = 680435432EB8BC1B004CF49D /* TravelVistaUITests.xctest */;
			productType = "com.apple.product-type.bundle.ui-testing";
		};
/* End PBXNativeTarget section */

/* Begin PBXProject section */
		42B90C072B2A055A00779364 /* Project object */ = {
			isa = PBXProject;
			attributes = {
				BuildIndependentTargetsInParallel = 1;
				LastSwiftUpdateCheck = 1640;
				LastUpgradeCheck = 1640;
				TargetAttributes = {
					42B90C0E2B2A055B00779364 = {
						CreatedOnToolsVersion = 15.0.1;
					};
					680435312EB8BB0B004CF49D = {
						CreatedOnToolsVersion = 16.4;
						TestTargetID = 42B90C0E2B2A055B00779364;
					};
					680435422EB8BC1B004CF49D = {
						CreatedOnToolsVersion = 16.4;
						TestTargetID = 42B90C0E2B2A055B00779364;
					};
				};
			};
			buildConfigurationList = 42B90C0A2B2A055A00779364 /* Build configuration list for PBXProject "TravelVista" */;
			compatibilityVersion = "Xcode 14.0";
			developmentRegion = en;
			hasScannedForEncodings = 0;
			knownRegions = (
				en,
				Base,
			);
			mainGroup = 42B90C062B2A055A00779364;
			productRefGroup = 42B90C102B2A055B00779364 /* Products */;
			projectDirPath = "";
			projectRoot = "";
			targets = (
				42B90C0E2B2A055B00779364 /* TravelVista */,
				680435312EB8BB0B004CF49D /* TravelVistaTests */,
				680435422EB8BC1B004CF49D /* TravelVistaUITests */,
			);
		};
/* End PBXProject section */

/* Begin PBXResourcesBuildPhase section */
		42B90C0D2B2A055B00779364 /* Resources */ = {
			isa = PBXResourcesBuildPhase;
			buildActionMask = 2147483647;
			files = (
				424C31C62B30A76900279238 /* Source.json in Resources */,
				42B90C1F2B2A056000779364 /* LaunchScreen.storyboard in Resources */,
				42B90C1C2B2A056000779364 /* Assets.xcassets in Resources */,
				42B90C1A2B2A055B00779364 /* Main.storyboard in Resources */,
			);
			runOnlyForDeploymentPostprocessing = 0;
		};
		680435302EB8BB0B004CF49D /* Resources */ = {
			isa = PBXResourcesBuildPhase;
			buildActionMask = 2147483647;
			files = (
				6804354E2EB8BE52004CF49D /* Source.json in Resources */,
			);
			runOnlyForDeploymentPostprocessing = 0;
		};
		680435412EB8BC1B004CF49D /* Resources */ = {
			isa = PBXResourcesBuildPhase;
			buildActionMask = 2147483647;
			files = (
			);
			runOnlyForDeploymentPostprocessing = 0;
		};
/* End PBXResourcesBuildPhase section */

/* Begin PBXSourcesBuildPhase section */
		42B90C0B2B2A055B00779364 /* Sources */ = {
			isa = PBXSourcesBuildPhase;
			buildActionMask = 2147483647;
			files = (
				424C31C42B30A72300279238 /* Coordinates.swift in Sources */,
				424C31C82B30A78B00279238 /* DataService.swift in Sources */,
				68EB08B92EC5EE4500F626ED /* DetailViewRepresentable.swift in Sources */,
				68C29E602ED9BAF900614855 /* Region.swift in Sources */,
				688A867F2EBE2E0000090DBC /* ListView.swift in Sources */,
				688A86812EBE2E1500090DBC /* CountryRow.swift in Sources */,
				424C31C02B30A39B00279238 /* MapViewController.swift in Sources */,
				42B90C132B2A055B00779364 /* AppDelegate.swift in Sources */,
				68C29E5E2ED9BADB00614855 /* Country.swift in Sources */,
				424C31BD2B30955E00279238 /* DetailViewController.swift in Sources */,
				68C3CD322EBDD67E00EDD5E4 /* TitleView.swift in Sources */,
				68C3CD3B2EBDD86900EDD5E4 /* PreviewDataProvider.swift in Sources */,
			);
			runOnlyForDeploymentPostprocessing = 0;
		};
		6804352E2EB8BB0B004CF49D /* Sources */ = {
			isa = PBXSourcesBuildPhase;
			buildActionMask = 2147483647;
			files = (
			);
			runOnlyForDeploymentPostprocessing = 0;
		};
		6804353F2EB8BC1B004CF49D /* Sources */ = {
			isa = PBXSourcesBuildPhase;
			buildActionMask = 2147483647;
			files = (
			);
			runOnlyForDeploymentPostprocessing = 0;
		};
/* End PBXSourcesBuildPhase section */

/* Begin PBXTargetDependency section */
		680435372EB8BB0B004CF49D /* PBXTargetDependency */ = {
			isa = PBXTargetDependency;
			target = 42B90C0E2B2A055B00779364 /* TravelVista */;
			targetProxy = 680435362EB8BB0B004CF49D /* PBXContainerItemProxy */;
		};
		6804354A2EB8BC1B004CF49D /* PBXTargetDependency */ = {
			isa = PBXTargetDependency;
			target = 42B90C0E2B2A055B00779364 /* TravelVista */;
			targetProxy = 680435492EB8BC1B004CF49D /* PBXContainerItemProxy */;
		};
/* End PBXTargetDependency section */

/* Begin PBXVariantGroup section */
		42B90C182B2A055B00779364 /* Main.storyboard */ = {
			isa = PBXVariantGroup;
			children = (
				42B90C192B2A055B00779364 /* Base */,
			);
			name = Main.storyboard;
			sourceTree = "<group>";
		};
		42B90C1D2B2A056000779364 /* LaunchScreen.storyboard */ = {
			isa = PBXVariantGroup;
			children = (
				42B90C1E2B2A056000779364 /* Base */,
			);
			name = LaunchScreen.storyboard;
			sourceTree = "<group>";
		};
/* End PBXVariantGroup section */

/* Begin XCBuildConfiguration section */
		42B90C212B2A056000779364 /* Debug */ = {
			isa = XCBuildConfiguration;
			buildSettings = {
				ALWAYS_SEARCH_USER_PATHS = NO;
				ASSETCATALOG_COMPILER_GENERATE_SWIFT_ASSET_SYMBOL_EXTENSIONS = YES;
				CLANG_ANALYZER_NONNULL = YES;
				CLANG_ANALYZER_NUMBER_OBJECT_CONVERSION = YES_AGGRESSIVE;
				CLANG_CXX_LANGUAGE_STANDARD = "gnu++20";
				CLANG_ENABLE_MODULES = YES;
				CLANG_ENABLE_OBJC_ARC = YES;
				CLANG_ENABLE_OBJC_WEAK = YES;
				CLANG_WARN_BLOCK_CAPTURE_AUTORELEASING = YES;
				CLANG_WARN_BOOL_CONVERSION = YES;
				CLANG_WARN_COMMA = YES;
				CLANG_WARN_CONSTANT_CONVERSION = YES;
				CLANG_WARN_DEPRECATED_OBJC_IMPLEMENTATIONS = YES;
				CLANG_WARN_DIRECT_OBJC_ISA_USAGE = YES_ERROR;
				CLANG_WARN_DOCUMENTATION_COMMENTS = YES;
				CLANG_WARN_EMPTY_BODY = YES;
				CLANG_WARN_ENUM_CONVERSION = YES;
				CLANG_WARN_INFINITE_RECURSION = YES;
				CLANG_WARN_INT_CONVERSION = YES;
				CLANG_WARN_NON_LITERAL_NULL_CONVERSION = YES;
				CLANG_WARN_OBJC_IMPLICIT_RETAIN_SELF = YES;
				CLANG_WARN_OBJC_LITERAL_CONVERSION = YES;
				CLANG_WARN_OBJC_ROOT_CLASS = YES_ERROR;
				CLANG_WARN_QUOTED_INCLUDE_IN_FRAMEWORK_HEADER = YES;
				CLANG_WARN_RANGE_LOOP_ANALYSIS = YES;
				CLANG_WARN_STRICT_PROTOTYPES = YES;
				CLANG_WARN_SUSPICIOUS_MOVE = YES;
				CLANG_WARN_UNGUARDED_AVAILABILITY = YES_AGGRESSIVE;
				CLANG_WARN_UNREACHABLE_CODE = YES;
				CLANG_WARN__DUPLICATE_METHOD_MATCH = YES;
				COPY_PHASE_STRIP = NO;
				DEBUG_INFORMATION_FORMAT = dwarf;
				DEVELOPMENT_TEAM = F435NP2676;
				ENABLE_STRICT_OBJC_MSGSEND = YES;
				ENABLE_TESTABILITY = YES;
				ENABLE_USER_SCRIPT_SANDBOXING = YES;
				GCC_C_LANGUAGE_STANDARD = gnu17;
				GCC_DYNAMIC_NO_PIC = NO;
				GCC_NO_COMMON_BLOCKS = YES;
				GCC_OPTIMIZATION_LEVEL = 0;
				GCC_PREPROCESSOR_DEFINITIONS = (
					"DEBUG=1",
					"$(inherited)",
				);
				GCC_WARN_64_TO_32_BIT_CONVERSION = YES;
				GCC_WARN_ABOUT_RETURN_TYPE = YES_ERROR;
				GCC_WARN_UNDECLARED_SELECTOR = YES;
				GCC_WARN_UNINITIALIZED_AUTOS = YES_AGGRESSIVE;
				GCC_WARN_UNUSED_FUNCTION = YES;
				GCC_WARN_UNUSED_VARIABLE = YES;
				INFOPLIST_FILE = "TravelVista/TravelVista//Info.plist";
				IPHONEOS_DEPLOYMENT_TARGET = 17.2;
				LOCALIZATION_PREFERS_STRING_CATALOGS = YES;
				MTL_ENABLE_DEBUG_INFO = INCLUDE_SOURCE;
				MTL_FAST_MATH = YES;
				ONLY_ACTIVE_ARCH = YES;
				SDKROOT = iphoneos;
				SWIFT_ACTIVE_COMPILATION_CONDITIONS = "DEBUG $(inherited)";
				SWIFT_OPTIMIZATION_LEVEL = "-Onone";
			};
			name = Debug;
		};
		42B90C222B2A056000779364 /* Release */ = {
			isa = XCBuildConfiguration;
			buildSettings = {
				ALWAYS_SEARCH_USER_PATHS = NO;
				ASSETCATALOG_COMPILER_GENERATE_SWIFT_ASSET_SYMBOL_EXTENSIONS = YES;
				CLANG_ANALYZER_NONNULL = YES;
				CLANG_ANALYZER_NUMBER_OBJECT_CONVERSION = YES_AGGRESSIVE;
				CLANG_CXX_LANGUAGE_STANDARD = "gnu++20";
				CLANG_ENABLE_MODULES = YES;
				CLANG_ENABLE_OBJC_ARC = YES;
				CLANG_ENABLE_OBJC_WEAK = YES;
				CLANG_WARN_BLOCK_CAPTURE_AUTORELEASING = YES;
				CLANG_WARN_BOOL_CONVERSION = YES;
				CLANG_WARN_COMMA = YES;
				CLANG_WARN_CONSTANT_CONVERSION = YES;
				CLANG_WARN_DEPRECATED_OBJC_IMPLEMENTATIONS = YES;
				CLANG_WARN_DIRECT_OBJC_ISA_USAGE = YES_ERROR;
				CLANG_WARN_DOCUMENTATION_COMMENTS = YES;
				CLANG_WARN_EMPTY_BODY = YES;
				CLANG_WARN_ENUM_CONVERSION = YES;
				CLANG_WARN_INFINITE_RECURSION = YES;
				CLANG_WARN_INT_CONVERSION = YES;
				CLANG_WARN_NON_LITERAL_NULL_CONVERSION = YES;
				CLANG_WARN_OBJC_IMPLICIT_RETAIN_SELF = YES;
				CLANG_WARN_OBJC_LITERAL_CONVERSION = YES;
				CLANG_WARN_OBJC_ROOT_CLASS = YES_ERROR;
				CLANG_WARN_QUOTED_INCLUDE_IN_FRAMEWORK_HEADER = YES;
				CLANG_WARN_RANGE_LOOP_ANALYSIS = YES;
				CLANG_WARN_STRICT_PROTOTYPES = YES;
				CLANG_WARN_SUSPICIOUS_MOVE = YES;
				CLANG_WARN_UNGUARDED_AVAILABILITY = YES_AGGRESSIVE;
				CLANG_WARN_UNREACHABLE_CODE = YES;
				CLANG_WARN__DUPLICATE_METHOD_MATCH = YES;
				COPY_PHASE_STRIP = NO;
				DEBUG_INFORMATION_FORMAT = "dwarf-with-dsym";
				DEVELOPMENT_TEAM = F435NP2676;
				ENABLE_NS_ASSERTIONS = NO;
				ENABLE_STRICT_OBJC_MSGSEND = YES;
				ENABLE_USER_SCRIPT_SANDBOXING = YES;
				GCC_C_LANGUAGE_STANDARD = gnu17;
				GCC_NO_COMMON_BLOCKS = YES;
				GCC_WARN_64_TO_32_BIT_CONVERSION = YES;
				GCC_WARN_ABOUT_RETURN_TYPE = YES_ERROR;
				GCC_WARN_UNDECLARED_SELECTOR = YES;
				GCC_WARN_UNINITIALIZED_AUTOS = YES_AGGRESSIVE;
				GCC_WARN_UNUSED_FUNCTION = YES;
				GCC_WARN_UNUSED_VARIABLE = YES;
				INFOPLIST_FILE = "TravelVista/TravelVista//Info.plist";
				IPHONEOS_DEPLOYMENT_TARGET = 17.2;
				LOCALIZATION_PREFERS_STRING_CATALOGS = YES;
				MTL_ENABLE_DEBUG_INFO = NO;
				MTL_FAST_MATH = YES;
				SDKROOT = iphoneos;
				SWIFT_COMPILATION_MODE = wholemodule;
				VALIDATE_PRODUCT = YES;
			};
			name = Release;
		};
		42B90C242B2A056000779364 /* Debug */ = {
			isa = XCBuildConfiguration;
			buildSettings = {
				ASSETCATALOG_COMPILER_APPICON_NAME = AppIcon;
				ASSETCATALOG_COMPILER_GLOBAL_ACCENT_COLOR_NAME = AccentColor;
				CODE_SIGN_STYLE = Automatic;
				CURRENT_PROJECT_VERSION = 1;
				GENERATE_INFOPLIST_FILE = YES;
				INFOPLIST_FILE = TravelVista/Info.plist;
				INFOPLIST_KEY_UIApplicationSupportsIndirectInputEvents = YES;
				INFOPLIST_KEY_UILaunchStoryboardName = LaunchScreen;
				INFOPLIST_KEY_UIMainStoryboardFile = Main;
				INFOPLIST_KEY_UISupportedInterfaceOrientations = UIInterfaceOrientationPortrait;
				IPHONEOS_DEPLOYMENT_TARGET = 18.0;
				LD_RUNPATH_SEARCH_PATHS = (
					"$(inherited)",
					"@executable_path/Frameworks",
				);
				MARKETING_VERSION = 1.0;
				PRODUCT_BUNDLE_IDENTIFIER = com.amandinecousin.TravelVista;
				PRODUCT_NAME = "$(TARGET_NAME)";
				SUPPORTED_PLATFORMS = "iphoneos iphonesimulator";
				SUPPORTS_MACCATALYST = NO;
				SUPPORTS_MAC_DESIGNED_FOR_IPHONE_IPAD = NO;
				SWIFT_EMIT_LOC_STRINGS = YES;
				SWIFT_VERSION = 5.0;
				TARGETED_DEVICE_FAMILY = 1;
			};
			name = Debug;
		};
		42B90C252B2A056000779364 /* Release */ = {
			isa = XCBuildConfiguration;
			buildSettings = {
				ASSETCATALOG_COMPILER_APPICON_NAME = AppIcon;
				ASSETCATALOG_COMPILER_GLOBAL_ACCENT_COLOR_NAME = AccentColor;
				CODE_SIGN_STYLE = Automatic;
				CURRENT_PROJECT_VERSION = 1;
				GENERATE_INFOPLIST_FILE = YES;
				INFOPLIST_FILE = TravelVista/Info.plist;
				INFOPLIST_KEY_UIApplicationSupportsIndirectInputEvents = YES;
				INFOPLIST_KEY_UILaunchStoryboardName = LaunchScreen;
				INFOPLIST_KEY_UIMainStoryboardFile = Main;
				INFOPLIST_KEY_UISupportedInterfaceOrientations = UIInterfaceOrientationPortrait;
				IPHONEOS_DEPLOYMENT_TARGET = 18.0;
				LD_RUNPATH_SEARCH_PATHS = (
					"$(inherited)",
					"@executable_path/Frameworks",
				);
				MARKETING_VERSION = 1.0;
				PRODUCT_BUNDLE_IDENTIFIER = com.amandinecousin.TravelVista;
				PRODUCT_NAME = "$(TARGET_NAME)";
				SUPPORTED_PLATFORMS = "iphoneos iphonesimulator";
				SUPPORTS_MACCATALYST = NO;
				SUPPORTS_MAC_DESIGNED_FOR_IPHONE_IPAD = NO;
				SWIFT_EMIT_LOC_STRINGS = YES;
				SWIFT_VERSION = 5.0;
				TARGETED_DEVICE_FAMILY = 1;
			};
			name = Release;
		};
		680435392EB8BB0B004CF49D /* Debug */ = {
			isa = XCBuildConfiguration;
			buildSettings = {
				BUNDLE_LOADER = "$(TEST_HOST)";
				CODE_SIGN_STYLE = Automatic;
				CURRENT_PROJECT_VERSION = 1;
				DEVELOPMENT_TEAM = F435NP2676;
				GENERATE_INFOPLIST_FILE = YES;
				IPHONEOS_DEPLOYMENT_TARGET = 18.0;
				MARKETING_VERSION = 1.0;
				PRODUCT_BUNDLE_IDENTIFIER = com.juliencotte.TravelVistaTests;
				PRODUCT_NAME = "$(TARGET_NAME)";
				SWIFT_EMIT_LOC_STRINGS = NO;
				SWIFT_VERSION = 5.0;
				TARGETED_DEVICE_FAMILY = "1,2";
				TEST_HOST = "$(BUILT_PRODUCTS_DIR)/TravelVista.app/$(BUNDLE_EXECUTABLE_FOLDER_PATH)/TravelVista";
			};
			name = Debug;
		};
		6804353A2EB8BB0B004CF49D /* Release */ = {
			isa = XCBuildConfiguration;
			buildSettings = {
				BUNDLE_LOADER = "$(TEST_HOST)";
				CODE_SIGN_STYLE = Automatic;
				CURRENT_PROJECT_VERSION = 1;
				DEVELOPMENT_TEAM = F435NP2676;
				GENERATE_INFOPLIST_FILE = YES;
				IPHONEOS_DEPLOYMENT_TARGET = 18.0;
				MARKETING_VERSION = 1.0;
				PRODUCT_BUNDLE_IDENTIFIER = com.juliencotte.TravelVistaTests;
				PRODUCT_NAME = "$(TARGET_NAME)";
				SWIFT_EMIT_LOC_STRINGS = NO;
				SWIFT_VERSION = 5.0;
				TARGETED_DEVICE_FAMILY = "1,2";
				TEST_HOST = "$(BUILT_PRODUCTS_DIR)/TravelVista.app/$(BUNDLE_EXECUTABLE_FOLDER_PATH)/TravelVista";
			};
			name = Release;
		};
		6804354C2EB8BC1B004CF49D /* Debug */ = {
			isa = XCBuildConfiguration;
			buildSettings = {
				CODE_SIGN_STYLE = Automatic;
				CURRENT_PROJECT_VERSION = 1;
				DEVELOPMENT_TEAM = F435NP2676;
				GENERATE_INFOPLIST_FILE = YES;
				IPHONEOS_DEPLOYMENT_TARGET = 18.0;
				MARKETING_VERSION = 1.0;
				PRODUCT_BUNDLE_IDENTIFIER = com.juliencotte.TravelVistaUITests;
				PRODUCT_NAME = "$(TARGET_NAME)";
				SWIFT_EMIT_LOC_STRINGS = NO;
				SWIFT_VERSION = 5.0;
				TARGETED_DEVICE_FAMILY = "1,2";
				TEST_TARGET_NAME = TravelVista;
			};
			name = Debug;
		};
		6804354D2EB8BC1B004CF49D /* Release */ = {
			isa = XCBuildConfiguration;
			buildSettings = {
				CODE_SIGN_STYLE = Automatic;
				CURRENT_PROJECT_VERSION = 1;
				DEVELOPMENT_TEAM = F435NP2676;
				GENERATE_INFOPLIST_FILE = YES;
				IPHONEOS_DEPLOYMENT_TARGET = 18.0;
				MARKETING_VERSION = 1.0;
				PRODUCT_BUNDLE_IDENTIFIER = com.juliencotte.TravelVistaUITests;
				PRODUCT_NAME = "$(TARGET_NAME)";
				SWIFT_EMIT_LOC_STRINGS = NO;
				SWIFT_VERSION = 5.0;
				TARGETED_DEVICE_FAMILY = "1,2";
				TEST_TARGET_NAME = TravelVista;
			};
			name = Release;
		};
/* End XCBuildConfiguration section */

/* Begin XCConfigurationList section */
		42B90C0A2B2A055A00779364 /* Build configuration list for PBXProject "TravelVista" */ = {
			isa = XCConfigurationList;
			buildConfigurations = (
				42B90C212B2A056000779364 /* Debug */,
				42B90C222B2A056000779364 /* Release */,
			);
			defaultConfigurationIsVisible = 0;
			defaultConfigurationName = Release;
		};
		42B90C232B2A056000779364 /* Build configuration list for PBXNativeTarget "TravelVista" */ = {
			isa = XCConfigurationList;
			buildConfigurations = (
				42B90C242B2A056000779364 /* Debug */,
				42B90C252B2A056000779364 /* Release */,
			);
			defaultConfigurationIsVisible = 0;
			defaultConfigurationName = Release;
		};
		680435382EB8BB0B004CF49D /* Build configuration list for PBXNativeTarget "TravelVistaTests" */ = {
			isa = XCConfigurationList;
			buildConfigurations = (
				680435392EB8BB0B004CF49D /* Debug */,
				6804353A2EB8BB0B004CF49D /* Release */,
			);
			defaultConfigurationIsVisible = 0;
			defaultConfigurationName = Release;
		};
		6804354B2EB8BC1B004CF49D /* Build configuration list for PBXNativeTarget "TravelVistaUITests" */ = {
			isa = XCConfigurationList;
			buildConfigurations = (
				6804354C2EB8BC1B004CF49D /* Debug */,
				6804354D2EB8BC1B004CF49D /* Release */,
			);
			defaultConfigurationIsVisible = 0;
			defaultConfigurationName = Release;
		};
/* End XCConfigurationList section */
	};
	rootObject = 42B90C072B2A055A00779364 /* Project object */;
}
